
Microsoft Visual Studio Solution File, Format Version 12.00
# Visual Studio Version 16
VisualStudioVersion = 16.0.30309.148
MinimumVisualStudioVersion = 10.0.40219.1
Project("{FAE04EC0-301F-11D3-BF4B-00C04F79EFBC}") = "02Vydry", "02Vydry\02Vydry.csproj", "{3178597B-F94D-45D6-BAEF-DCA5A05C1451}"
EndProject
Global
	GlobalSection(SolutionConfigurationPlatforms) = preSolution
		Debug|Any CPU = Debug|Any CPU
		Release|Any CPU = Release|Any CPU
	EndGlobalSection
	GlobalSection(ProjectConfigurationPlatforms) = postSolution
		{3178597B-F94D-45D6-BAEF-DCA5A05C1451}.Debug|Any CPU.ActiveCfg = Debug|Any CPU
		{3178597B-F94D-45D6-BAEF-DCA5A05C1451}.Debug|Any CPU.Build.0 = Debug|Any CPU
		{3178597B-F94D-45D6-BAEF-DCA5A05C1451}.Release|Any CPU.ActiveCfg = Release|Any CPU
		{3178597B-F94D-45D6-BAEF-DCA5A05C1451}.Release|Any CPU.Build.0 = Release|Any CPU
	EndGlobalSection
	GlobalSection(SolutionProperties) = preSolution
		HideSolutionNode = FALSE
	EndGlobalSection
	GlobalSection(ExtensibilityGlobals) = postSolution
		SolutionGuid = {E5FB7F81-2B7C-452B-9D08-FBB39ED20521}
	EndGlobalSection
EndGlobal
